PODS:
  - Sage (1.0.0)

DEPENDENCIES:
  - Sage (from `https://github.com/nvzqz/Sage.git`, branch `master`)

EXTERNAL SOURCES:
  Sage:
    :branch: master
    :git: https://github.com/nvzqz/Sage.git

CHECKOUT OPTIONS:
  Sage:
    :commit: 1661637a9211871fb42e391c46f391aa6f2bb4f5
    :git: https://github.com/nvzqz/Sage.git

SPEC CHECKSUMS:
  Sage: bb4ab34e00850a3f1a4b992342b436731a975491

COCOAPODS: 0.39.0
